
Microsoft Visual Studio Solution File, Format Version 12.00
# Visual Studio 15
VisualStudioVersion = 15.0.28307.1758
MinimumVisualStudioVersion = 10.0.40219.1
Project("{FAE04EC0-301F-11D3-BF4B-00C04F79EFBC}") = "Turandot Editor", "Turandot Editor\Turandot Editor.csproj", "{FFB9521D-05C2-42BF-98D2-FE39353FF951}"
EndProject
Global
	GlobalSection(SolutionConfigurationPlatforms) = preSolution
		Debug|Any CPU = Debug|Any CPU
		Debug|x64 = Debug|x64
		Release|Any CPU = Release|Any CPU
		Release|x64 = Release|x64
	EndGlobalSection
	GlobalSection(ProjectConfigurationPlatforms) = postSolution
		{FFB9521D-05C2-42BF-98D2-FE39353FF951}.Debug|Any CPU.ActiveCfg = Debug|Any CPU
		{FFB9521D-05C2-42BF-98D2-FE39353FF951}.Debug|Any CPU.Build.0 = Debug|Any CPU
		{FFB9521D-05C2-42BF-98D2-FE39353FF951}.Debug|x64.ActiveCfg = Debug|x64
		{FFB9521D-05C2-42BF-98D2-FE39353FF951}.Debug|x64.Build.0 = Debug|x64
		{FFB9521D-05C2-42BF-98D2-FE39353FF951}.Release|Any CPU.ActiveCfg = Release|Any CPU
		{FFB9521D-05C2-42BF-98D2-FE39353FF951}.Release|Any CPU.Build.0 = Release|Any CPU
		{FFB9521D-05C2-42BF-98D2-FE39353FF951}.Release|x64.ActiveCfg = Release|x64
		{FFB9521D-05C2-42BF-98D2-FE39353FF951}.Release|x64.Build.0 = Release|x64
	EndGlobalSection
	GlobalSection(SolutionProperties) = preSolution
		HideSolutionNode = FALSE
	EndGlobalSection
	GlobalSection(ExtensibilityGlobals) = postSolution
		SolutionGuid = {5F86D5BC-67DD-4C38-9575-38BA56493D19}
	EndGlobalSection
EndGlobal
